// !$*UTF8*$!
{
	archiveVersion = 1;
	classes = {
	};
	objectVersion = 52;
	objects = {

/* Begin PBXBuildFile section */
		A40FC17B25D1617600DF2267 /* NotaIF2App.swift in Sources */ = {isa = PBXBuildFile; fileRef = A40FC17A25D1617600DF2267 /* NotaIF2App.swift */; };
		A40FC17F25D1617800DF2267 /* Assets.xcassets in Resources */ = {isa = PBXBuildFile; fileRef = A40FC17E25D1617800DF2267 /* Assets.xcassets */; };
		A40FC18225D1617800DF2267 /* Preview Assets.xcassets in Resources */ = {isa = PBXBuildFile; fileRef = A40FC18125D1617800DF2267 /* Preview Assets.xcassets */; };
		A40FC18425D1617800DF2267 /* Persistence.swift in Sources */ = {isa = PBXBuildFile; fileRef = A40FC18325D1617800DF2267 /* Persistence.swift */; };
		A40FC18725D1617800DF2267 /* NotaIF2.xcdatamodeld in Sources */ = {isa = PBXBuildFile; fileRef = A40FC18525D1617800DF2267 /* NotaIF2.xcdatamodeld */; };
		A40FC19225D1617800DF2267 /* NotaIF2Tests.swift in Sources */ = {isa = PBXBuildFile; fileRef = A40FC19125D1617800DF2267 /* NotaIF2Tests.swift */; };
		A40FC19D25D1617800DF2267 /* NotaIF2UITests.swift in Sources */ = {isa = PBXBuildFile; fileRef = A40FC19C25D1617800DF2267 /* NotaIF2UITests.swift */; };
		A40FC1B125D161E600DF2267 /* ListMateriaView.swift in Sources */ = {isa = PBXBuildFile; fileRef = A40FC1B025D161E600DF2267 /* ListMateriaView.swift */; };
		A40FC1B925D161F700DF2267 /* ListMateriaCell.swift in Sources */ = {isa = PBXBuildFile; fileRef = A40FC1B825D161F700DF2267 /* ListMateriaCell.swift */; };
		A40FC1BE25D1621400DF2267 /* MateriaView.swift in Sources */ = {isa = PBXBuildFile; fileRef = A40FC1BD25D1621400DF2267 /* MateriaView.swift */; };
		A40FC1C325D1624000DF2267 /* SaveMateriaView.swift in Sources */ = {isa = PBXBuildFile; fileRef = A40FC1C225D1624000DF2267 /* SaveMateriaView.swift */; };
		A40FC1CC25D16A0300DF2267 /* Materia+CoreDataClass.swift in Sources */ = {isa = PBXBuildFile; fileRef = A40FC1CA25D16A0300DF2267 /* Materia+CoreDataClass.swift */; };
		A40FC1CD25D16A0300DF2267 /* Materia+CoreDataProperties.swift in Sources */ = {isa = PBXBuildFile; fileRef = A40FC1CB25D16A0300DF2267 /* Materia+CoreDataProperties.swift */; };
		A40FC1D525D1719C00DF2267 /* MateriaViewModel.swift in Sources */ = {isa = PBXBuildFile; fileRef = A40FC1D425D1719C00DF2267 /* MateriaViewModel.swift */; };
		A40FC1DD25D1DE8600DF2267 /* EditMateriaView.swift in Sources */ = {isa = PBXBuildFile; fileRef = A40FC1DC25D1DE8600DF2267 /* EditMateriaView.swift */; };
		A40FC1F725D2ADA800DF2267 /* .gitignore in Resources */ = {isa = PBXBuildFile; fileRef = A40FC1F625D2ADA800DF2267 /* .gitignore */; };
		A40FC20325D2B9F900DF2267 /* ToastUI in Frameworks */ = {isa = PBXBuildFile; productRef = A40FC20225D2B9F900DF2267 /* ToastUI */; };
/* End PBXBuildFile section */

/* Begin PBXContainerItemProxy section */
		A40FC18E25D1617800DF2267 /* PBXContainerItemProxy */ = {
			isa = PBXContainerItemProxy;
			containerPortal = A40FC16F25D1617600DF2267 /* Project object */;
			proxyType = 1;
			remoteGlobalIDString = A40FC17625D1617600DF2267;
			remoteInfo = NotaIF2;
		};
		A40FC19925D1617800DF2267 /* PBXContainerItemProxy */ = {
			isa = PBXContainerItemProxy;
			containerPortal = A40FC16F25D1617600DF2267 /* Project object */;
			proxyType = 1;
			remoteGlobalIDString = A40FC17625D1617600DF2267;
			remoteInfo = NotaIF2;
		};
/* End PBXContainerItemProxy section */

/* Begin PBXFileReference section */
		A40FC17725D1617600DF2267 /* NotaIF2.app */ = {isa = PBXFileReference; explicitFileType = wrapper.application; includeInIndex = 0; path = NotaIF2.app; sourceTree = BUILT_PRODUCTS_DIR; };
		A40FC17A25D1617600DF2267 /* NotaIF2App.swift */ = {isa = PBXFileReference; lastKnownFileType = sourcecode.swift; path = NotaIF2App.swift; sourceTree = "<group>"; };
		A40FC17E25D1617800DF2267 /* Assets.xcassets */ = {isa = PBXFileReference; lastKnownFileType = folder.assetcatalog; path = Assets.xcassets; sourceTree = "<group>"; };
		A40FC18125D1617800DF2267 /* Preview Assets.xcassets */ = {isa = PBXFileReference; lastKnownFileType = folder.assetcatalog; path = "Preview Assets.xcassets"; sourceTree = "<group>"; };
		A40FC18325D1617800DF2267 /* Persistence.swift */ = {isa = PBXFileReference; lastKnownFileType = sourcecode.swift; path = Persistence.swift; sourceTree = "<group>"; };
		A40FC18625D1617800DF2267 /* NotaIF2.xcdatamodel */ = {isa = PBXFileReference; lastKnownFileType = wrapper.xcdatamodel; path = NotaIF2.xcdatamodel; sourceTree = "<group>"; };
		A40FC18825D1617800DF2267 /* Info.plist */ = {isa = PBXFileReference; lastKnownFileType = text.plist.xml; path = Info.plist; sourceTree = "<group>"; };
		A40FC18D25D1617800DF2267 /* NotaIF2Tests.xctest */ = {isa = PBXFileReference; explicitFileType = wrapper.cfbundle; includeInIndex = 0; path = NotaIF2Tests.xctest; sourceTree = BUILT_PRODUCTS_DIR; };
		A40FC19125D1617800DF2267 /* NotaIF2Tests.swift */ = {isa = PBXFileReference; lastKnownFileType = sourcecode.swift; path = NotaIF2Tests.swift; sourceTree = "<group>"; };
		A40FC19325D1617800DF2267 /* Info.plist */ = {isa = PBXFileReference; lastKnownFileType = text.plist.xml; path = Info.plist; sourceTree = "<group>"; };
		A40FC19825D1617800DF2267 /* NotaIF2UITests.xctest */ = {isa = PBXFileReference; explicitFileType = wrapper.cfbundle; includeInIndex = 0; path = NotaIF2UITests.xctest; sourceTree = BUILT_PRODUCTS_DIR; };
		A40FC19C25D1617800DF2267 /* NotaIF2UITests.swift */ = {isa = PBXFileReference; lastKnownFileType = sourcecode.swift; path = NotaIF2UITests.swift; sourceTree = "<group>"; };
		A40FC19E25D1617800DF2267 /* Info.plist */ = {isa = PBXFileReference; lastKnownFileType = text.plist.xml; path = Info.plist; sourceTree = "<group>"; };
		A40FC1B025D161E600DF2267 /* ListMateriaView.swift */ = {isa = PBXFileReference; lastKnownFileType = sourcecode.swift; path = ListMateriaView.swift; sourceTree = "<group>"; };
		A40FC1B825D161F700DF2267 /* ListMateriaCell.swift */ = {isa = PBXFileReference; lastKnownFileType = sourcecode.swift; path = ListMateriaCell.swift; sourceTree = "<group>"; };
		A40FC1BD25D1621400DF2267 /* MateriaView.swift */ = {isa = PBXFileReference; lastKnownFileType = sourcecode.swift; path = MateriaView.swift; sourceTree = "<group>"; };
		A40FC1C225D1624000DF2267 /* SaveMateriaView.swift */ = {isa = PBXFileReference; lastKnownFileType = sourcecode.swift; path = SaveMateriaView.swift; sourceTree = "<group>"; };
		A40FC1CA25D16A0300DF2267 /* Materia+CoreDataClass.swift */ = {isa = PBXFileReference; lastKnownFileType = sourcecode.swift; path = "Materia+CoreDataClass.swift"; sourceTree = "<group>"; };
		A40FC1CB25D16A0300DF2267 /* Materia+CoreDataProperties.swift */ = {isa = PBXFileReference; lastKnownFileType = sourcecode.swift; path = "Materia+CoreDataProperties.swift"; sourceTree = "<group>"; };
		A40FC1D425D1719C00DF2267 /* MateriaViewModel.swift */ = {isa = PBXFileReference; lastKnownFileType = sourcecode.swift; path = MateriaViewModel.swift; sourceTree = "<group>"; };
		A40FC1DC25D1DE8600DF2267 /* EditMateriaView.swift */ = {isa = PBXFileReference; lastKnownFileType = sourcecode.swift; path = EditMateriaView.swift; sourceTree = "<group>"; };
		A40FC1F625D2ADA800DF2267 /* .gitignore */ = {isa = PBXFileReference; lastKnownFileType = text; path = .gitignore; sourceTree = "<group>"; };
/* End PBXFileReference section */

/* Begin PBXFrameworksBuildPhase section */
		A40FC17425D1617600DF2267 /* Frameworks */ = {
			isa = PBXFrameworksBuildPhase;
			buildActionMask = 2147483647;
			files = (
				A40FC20325D2B9F900DF2267 /* ToastUI in Frameworks */,
			);
			runOnlyForDeploymentPostprocessing = 0;
		};
		A40FC18A25D1617800DF2267 /* Frameworks */ = {
			isa = PBXFrameworksBuildPhase;
			buildActionMask = 2147483647;
			files = (
			);
			runOnlyForDeploymentPostprocessing = 0;
		};
		A40FC19525D1617800DF2267 /* Frameworks */ = {
			isa = PBXFrameworksBuildPhase;
			buildActionMask = 2147483647;
			files = (
			);
			runOnlyForDeploymentPostprocessing = 0;
		};
/* End PBXFrameworksBuildPhase section */

/* Begin PBXGroup section */
		A40FC16E25D1617600DF2267 = {
			isa = PBXGroup;
			children = (
				A40FC17925D1617600DF2267 /* NotaIF2 */,
				A40FC19025D1617800DF2267 /* NotaIF2Tests */,
				A40FC19B25D1617800DF2267 /* NotaIF2UITests */,
				A40FC17825D1617600DF2267 /* Products */,
			);
			sourceTree = "<group>";
		};
		A40FC17825D1617600DF2267 /* Products */ = {
			isa = PBXGroup;
			children = (
				A40FC17725D1617600DF2267 /* NotaIF2.app */,
				A40FC18D25D1617800DF2267 /* NotaIF2Tests.xctest */,
				A40FC19825D1617800DF2267 /* NotaIF2UITests.xctest */,
			);
			name = Products;
			sourceTree = "<group>";
		};
		A40FC17925D1617600DF2267 /* NotaIF2 */ = {
			isa = PBXGroup;
			children = (
				A40FC1AF25D161BF00DF2267 /* ViewModel */,
				A40FC1AE25D161A700DF2267 /* View */,
				A40FC1AD25D1619F00DF2267 /* Model */,
				A40FC17A25D1617600DF2267 /* NotaIF2App.swift */,
				A40FC17E25D1617800DF2267 /* Assets.xcassets */,
				A40FC18325D1617800DF2267 /* Persistence.swift */,
				A40FC18825D1617800DF2267 /* Info.plist */,
				A40FC18525D1617800DF2267 /* NotaIF2.xcdatamodeld */,
				A40FC18025D1617800DF2267 /* Preview Content */,
				A40FC1F625D2ADA800DF2267 /* .gitignore */,
			);
			path = NotaIF2;
			sourceTree = "<group>";
		};
		A40FC18025D1617800DF2267 /* Preview Content */ = {
			isa = PBXGroup;
			children = (
				A40FC18125D1617800DF2267 /* Preview Assets.xcassets */,
			);
			path = "Preview Content";
			sourceTree = "<group>";
		};
		A40FC19025D1617800DF2267 /* NotaIF2Tests */ = {
			isa = PBXGroup;
			children = (
				A40FC19125D1617800DF2267 /* NotaIF2Tests.swift */,
				A40FC19325D1617800DF2267 /* Info.plist */,
			);
			path = NotaIF2Tests;
			sourceTree = "<group>";
		};
		A40FC19B25D1617800DF2267 /* NotaIF2UITests */ = {
			isa = PBXGroup;
			children = (
				A40FC19C25D1617800DF2267 /* NotaIF2UITests.swift */,
				A40FC19E25D1617800DF2267 /* Info.plist */,
			);
			path = NotaIF2UITests;
			sourceTree = "<group>";
		};
		A40FC1AD25D1619F00DF2267 /* Model */ = {
			isa = PBXGroup;
			children = (
				A40FC1CA25D16A0300DF2267 /* Materia+CoreDataClass.swift */,
				A40FC1CB25D16A0300DF2267 /* Materia+CoreDataProperties.swift */,
			);
			path = Model;
			sourceTree = "<group>";
		};
		A40FC1AE25D161A700DF2267 /* View */ = {
			isa = PBXGroup;
			children = (
				A40FC1B025D161E600DF2267 /* ListMateriaView.swift */,
				A40FC1B825D161F700DF2267 /* ListMateriaCell.swift */,
				A40FC1BD25D1621400DF2267 /* MateriaView.swift */,
				A40FC1C225D1624000DF2267 /* SaveMateriaView.swift */,
				A40FC1DC25D1DE8600DF2267 /* EditMateriaView.swift */,
			);
			path = View;
			sourceTree = "<group>";
		};
		A40FC1AF25D161BF00DF2267 /* ViewModel */ = {
			isa = PBXGroup;
			children = (
				A40FC1D425D1719C00DF2267 /* MateriaViewModel.swift */,
			);
			path = ViewModel;
			sourceTree = "<group>";
		};
/* End PBXGroup section */

/* Begin PBXNativeTarget section */
		A40FC17625D1617600DF2267 /* NotaIF2 */ = {
			isa = PBXNativeTarget;
			buildConfigurationList = A40FC1A125D1617800DF2267 /* Build configuration list for PBXNativeTarget "NotaIF2" */;
			buildPhases = (
				A40FC17325D1617600DF2267 /* Sources */,
				A40FC17425D1617600DF2267 /* Frameworks */,
				A40FC17525D1617600DF2267 /* Resources */,
			);
			buildRules = (
			);
			dependencies = (
			);
			name = NotaIF2;
			packageProductDependencies = (
				A40FC20225D2B9F900DF2267 /* ToastUI */,
			);
			productName = NotaIF2;
			productReference = A40FC17725D1617600DF2267 /* NotaIF2.app */;
			productType = "com.apple.product-type.application";
		};
		A40FC18C25D1617800DF2267 /* NotaIF2Tests */ = {
			isa = PBXNativeTarget;
			buildConfigurationList = A40FC1A425D1617800DF2267 /* Build configuration list for PBXNativeTarget "NotaIF2Tests" */;
			buildPhases = (
				A40FC18925D1617800DF2267 /* Sources */,
				A40FC18A25D1617800DF2267 /* Frameworks */,
				A40FC18B25D1617800DF2267 /* Resources */,
			);
			buildRules = (
			);
			dependencies = (
				A40FC18F25D1617800DF2267 /* PBXTargetDependency */,
			);
			name = NotaIF2Tests;
			productName = NotaIF2Tests;
			productReference = A40FC18D25D1617800DF2267 /* NotaIF2Tests.xctest */;
			productType = "com.apple.product-type.bundle.unit-test";
		};
		A40FC19725D1617800DF2267 /* NotaIF2UITests */ = {
			isa = PBXNativeTarget;
			buildConfigurationList = A40FC1A725D1617800DF2267 /* Build configuration list for PBXNativeTarget "NotaIF2UITests" */;
			buildPhases = (
				A40FC19425D1617800DF2267 /* Sources */,
				A40FC19525D1617800DF2267 /* Frameworks */,
				A40FC19625D1617800DF2267 /* Resources */,
			);
			buildRules = (
			);
			dependencies = (
				A40FC19A25D1617800DF2267 /* PBXTargetDependency */,
			);
			name = NotaIF2UITests;
			productName = NotaIF2UITests;
			productReference = A40FC19825D1617800DF2267 /* NotaIF2UITests.xctest */;
			productType = "com.apple.product-type.bundle.ui-testing";
		};
/* End PBXNativeTarget section */

/* Begin PBXProject section */
		A40FC16F25D1617600DF2267 /* Project object */ = {
			isa = PBXProject;
			attributes = {
				LastSwiftUpdateCheck = 1220;
				LastUpgradeCheck = 1220;
				TargetAttributes = {
					A40FC17625D1617600DF2267 = {
						CreatedOnToolsVersion = 12.2;
					};
					A40FC18C25D1617800DF2267 = {
						CreatedOnToolsVersion = 12.2;
						TestTargetID = A40FC17625D1617600DF2267;
					};
					A40FC19725D1617800DF2267 = {
						CreatedOnToolsVersion = 12.2;
						TestTargetID = A40FC17625D1617600DF2267;
					};
				};
			};
			buildConfigurationList = A40FC17225D1617600DF2267 /* Build configuration list for PBXProject "NotaIF2" */;
			compatibilityVersion = "Xcode 9.3";
			developmentRegion = pt-BR;
			hasScannedForEncodings = 0;
			knownRegions = (
				"pt-BR",
			);
			mainGroup = A40FC16E25D1617600DF2267;
			packageReferences = (
				A40FC20125D2B9F900DF2267 /* XCRemoteSwiftPackageReference "ToastUI" */,
			);
			productRefGroup = A40FC17825D1617600DF2267 /* Products */;
			projectDirPath = "";
			projectRoot = "";
			targets = (
				A40FC17625D1617600DF2267 /* NotaIF2 */,
				A40FC18C25D1617800DF2267 /* NotaIF2Tests */,
				A40FC19725D1617800DF2267 /* NotaIF2UITests */,
			);
		};
/* End PBXProject section */

/* Begin PBXResourcesBuildPhase section */
		A40FC17525D1617600DF2267 /* Resources */ = {
			isa = PBXResourcesBuildPhase;
			buildActionMask = 2147483647;
			files = (
				A40FC18225D1617800DF2267 /* Preview Assets.xcassets in Resources */,
				A40FC1F725D2ADA800DF2267 /* .gitignore in Resources */,
				A40FC17F25D1617800DF2267 /* Assets.xcassets in Resources */,
			);
			runOnlyForDeploymentPostprocessing = 0;
		};
		A40FC18B25D1617800DF2267 /* Resources */ = {
			isa = PBXResourcesBuildPhase;
			buildActionMask = 2147483647;
			files = (
			);
			runOnlyForDeploymentPostprocessing = 0;
		};
		A40FC19625D1617800DF2267 /* Resources */ = {
			isa = PBXResourcesBuildPhase;
			buildActionMask = 2147483647;
			files = (
			);
			runOnlyForDeploymentPostprocessing = 0;
		};
/* End PBXResourcesBuildPhase section */

/* Begin PBXSourcesBuildPhase section */
		A40FC17325D1617600DF2267 /* Sources */ = {
			isa = PBXSourcesBuildPhase;
			buildActionMask = 2147483647;
			files = (
				A40FC1CD25D16A0300DF2267 /* Materia+CoreDataProperties.swift in Sources */,
				A40FC18425D1617800DF2267 /* Persistence.swift in Sources */,
				A40FC1DD25D1DE8600DF2267 /* EditMateriaView.swift in Sources */,
				A40FC1B925D161F700DF2267 /* ListMateriaCell.swift in Sources */,
				A40FC1B125D161E600DF2267 /* ListMateriaView.swift in Sources */,
				A40FC1C325D1624000DF2267 /* SaveMateriaView.swift in Sources */,
				A40FC17B25D1617600DF2267 /* NotaIF2App.swift in Sources */,
				A40FC18725D1617800DF2267 /* NotaIF2.xcdatamodeld in Sources */,
				A40FC1CC25D16A0300DF2267 /* Materia+CoreDataClass.swift in Sources */,
				A40FC1D525D1719C00DF2267 /* MateriaViewModel.swift in Sources */,
				A40FC1BE25D1621400DF2267 /* MateriaView.swift in Sources */,
			);
			runOnlyForDeploymentPostprocessing = 0;
		};
		A40FC18925D1617800DF2267 /* Sources */ = {
			isa = PBXSourcesBuildPhase;
			buildActionMask = 2147483647;
			files = (
				A40FC19225D1617800DF2267 /* NotaIF2Tests.swift in Sources */,
			);
			runOnlyForDeploymentPostprocessing = 0;
		};
		A40FC19425D1617800DF2267 /* Sources */ = {
			isa = PBXSourcesBuildPhase;
			buildActionMask = 2147483647;
			files = (
				A40FC19D25D1617800DF2267 /* NotaIF2UITests.swift in Sources */,
			);
			runOnlyForDeploymentPostprocessing = 0;
		};
/* End PBXSourcesBuildPhase section */

/* Begin PBXTargetDependency section */
		A40FC18F25D1617800DF2267 /* PBXTargetDependency */ = {
			isa = PBXTargetDependency;
			target = A40FC17625D1617600DF2267 /* NotaIF2 */;
			targetProxy = A40FC18E25D1617800DF2267 /* PBXContainerItemProxy */;
		};
		A40FC19A25D1617800DF2267 /* PBXTargetDependency */ = {
			isa = PBXTargetDependency;
			target = A40FC17625D1617600DF2267 /* NotaIF2 */;
			targetProxy = A40FC19925D1617800DF2267 /* PBXContainerItemProxy */;
		};
/* End PBXTargetDependency section */

/* Begin XCBuildConfiguration section */
		A40FC19F25D1617800DF2267 /* Debug */ = {
			isa = XCBuildConfiguration;
			buildSettings = {
				ALWAYS_SEARCH_USER_PATHS = NO;
				CLANG_ANALYZER_NONNULL = YES;
				CLANG_ANALYZER_NUMBER_OBJECT_CONVERSION = YES_AGGRESSIVE;
				CLANG_CXX_LANGUAGE_STANDARD = "gnu++14";
				CLANG_CXX_LIBRARY = "libc++";
				CLANG_ENABLE_MODULES = YES;
				CLANG_ENABLE_OBJC_ARC = YES;
				CLANG_ENABLE_OBJC_WEAK = YES;
				CLANG_WARN_BLOCK_CAPTURE_AUTORELEASING = YES;
				CLANG_WARN_BOOL_CONVERSION = YES;
				CLANG_WARN_COMMA = YES;
				CLANG_WARN_CONSTANT_CONVERSION = YES;
				CLANG_WARN_DEPRECATED_OBJC_IMPLEMENTATIONS = YES;
				CLANG_WARN_DIRECT_OBJC_ISA_USAGE = YES_ERROR;
				CLANG_WARN_DOCUMENTATION_COMMENTS = YES;
				CLANG_WARN_EMPTY_BODY = YES;
				CLANG_WARN_ENUM_CONVERSION = YES;
				CLANG_WARN_INFINITE_RECURSION = YES;
				CLANG_WARN_INT_CONVERSION = YES;
				CLANG_WARN_NON_LITERAL_NULL_CONVERSION = YES;
				CLANG_WARN_OBJC_IMPLICIT_RETAIN_SELF = YES;
				CLANG_WARN_OBJC_LITERAL_CONVERSION = YES;
				CLANG_WARN_OBJC_ROOT_CLASS = YES_ERROR;
				CLANG_WARN_QUOTED_INCLUDE_IN_FRAMEWORK_HEADER = YES;
				CLANG_WARN_RANGE_LOOP_ANALYSIS = YES;
				CLANG_WARN_STRICT_PROTOTYPES = YES;
				CLANG_WARN_SUSPICIOUS_MOVE = YES;
				CLANG_WARN_UNGUARDED_AVAILABILITY = YES_AGGRESSIVE;
				CLANG_WARN_UNREACHABLE_CODE = YES;
				CLANG_WARN__DUPLICATE_METHOD_MATCH = YES;
				COPY_PHASE_STRIP = NO;
				DEBUG_INFORMATION_FORMAT = dwarf;
				ENABLE_STRICT_OBJC_MSGSEND = YES;
				ENABLE_TESTABILITY = YES;
				GCC_C_LANGUAGE_STANDARD = gnu11;
				GCC_DYNAMIC_NO_PIC = NO;
				GCC_NO_COMMON_BLOCKS = YES;
				GCC_OPTIMIZATION_LEVEL = 0;
				GCC_PREPROCESSOR_DEFINITIONS = (
					"DEBUG=1",
					"$(inherited)",
				);
				GCC_WARN_64_TO_32_BIT_CONVERSION = YES;
				GCC_WARN_ABOUT_RETURN_TYPE = YES_ERROR;
				GCC_WARN_UNDECLARED_SELECTOR = YES;
				GCC_WARN_UNINITIALIZED_AUTOS = YES_AGGRESSIVE;
				GCC_WARN_UNUSED_FUNCTION = YES;
				GCC_WARN_UNUSED_VARIABLE = YES;
				IPHONEOS_DEPLOYMENT_TARGET = 14.2;
				MTL_ENABLE_DEBUG_INFO = INCLUDE_SOURCE;
				MTL_FAST_MATH = YES;
				ONLY_ACTIVE_ARCH = YES;
				SDKROOT = iphoneos;
				SWIFT_ACTIVE_COMPILATION_CONDITIONS = DEBUG;
				SWIFT_OPTIMIZATION_LEVEL = "-Onone";
			};
			name = Debug;
		};
		A40FC1A025D1617800DF2267 /* Release */ = {
			isa = XCBuildConfiguration;
			buildSettings = {
				ALWAYS_SEARCH_USER_PATHS = NO;
				CLANG_ANALYZER_NONNULL = YES;
				CLANG_ANALYZER_NUMBER_OBJECT_CONVERSION = YES_AGGRESSIVE;
				CLANG_CXX_LANGUAGE_STANDARD = "gnu++14";
				CLANG_CXX_LIBRARY = "libc++";
				CLANG_ENABLE_MODULES = YES;
				CLANG_ENABLE_OBJC_ARC = YES;
				CLANG_ENABLE_OBJC_WEAK = YES;
				CLANG_WARN_BLOCK_CAPTURE_AUTORELEASING = YES;
				CLANG_WARN_BOOL_CONVERSION = YES;
				CLANG_WARN_COMMA = YES;
				CLANG_WARN_CONSTANT_CONVERSION = YES;
				CLANG_WARN_DEPRECATED_OBJC_IMPLEMENTATIONS = YES;
				CLANG_WARN_DIRECT_OBJC_ISA_USAGE = YES_ERROR;
				CLANG_WARN_DOCUMENTATION_COMMENTS = YES;
				CLANG_WARN_EMPTY_BODY = YES;
				CLANG_WARN_ENUM_CONVERSION = YES;
				CLANG_WARN_INFINITE_RECURSION = YES;
				CLANG_WARN_INT_CONVERSION = YES;
				CLANG_WARN_NON_LITERAL_NULL_CONVERSION = YES;
				CLANG_WARN_OBJC_IMPLICIT_RETAIN_SELF = YES;
				CLANG_WARN_OBJC_LITERAL_CONVERSION = YES;
				CLANG_WARN_OBJC_ROOT_CLASS = YES_ERROR;
				CLANG_WARN_QUOTED_INCLUDE_IN_FRAMEWORK_HEADER = YES;
				CLANG_WARN_RANGE_LOOP_ANALYSIS = YES;
				CLANG_WARN_STRICT_PROTOTYPES = YES;
				CLANG_WARN_SUSPICIOUS_MOVE = YES;
				CLANG_WARN_UNGUARDED_AVAILABILITY = YES_AGGRESSIVE;
				CLANG_WARN_UNREACHABLE_CODE = YES;
				CLANG_WARN__DUPLICATE_METHOD_MATCH = YES;
				COPY_PHASE_STRIP = NO;
				DEBUG_INFORMATION_FORMAT = "dwarf-with-dsym";
				ENABLE_NS_ASSERTIONS = NO;
				ENABLE_STRICT_OBJC_MSGSEND = YES;
				GCC_C_LANGUAGE_STANDARD = gnu11;
				GCC_NO_COMMON_BLOCKS = YES;
				GCC_WARN_64_TO_32_BIT_CONVERSION = YES;
				GCC_WARN_ABOUT_RETURN_TYPE = YES_ERROR;
				GCC_WARN_UNDECLARED_SELECTOR = YES;
				GCC_WARN_UNINITIALIZED_AUTOS = YES_AGGRESSIVE;
				GCC_WARN_UNUSED_FUNCTION = YES;
				GCC_WARN_UNUSED_VARIABLE = YES;
				IPHONEOS_DEPLOYMENT_TARGET = 14.2;
				MTL_ENABLE_DEBUG_INFO = NO;
				MTL_FAST_MATH = YES;
				SDKROOT = iphoneos;
				SWIFT_COMPILATION_MODE = wholemodule;
				SWIFT_OPTIMIZATION_LEVEL = "-O";
				VALIDATE_PRODUCT = YES;
			};
			name = Release;
		};
		A40FC1A225D1617800DF2267 /* Debug */ = {
			isa = XCBuildConfiguration;
			buildSettings = {
				ASSETCATALOG_COMPILER_APPICON_NAME = AppIcon;
				ASSETCATALOG_COMPILER_GLOBAL_ACCENT_COLOR_NAME = AccentColor;
				CODE_SIGN_STYLE = Automatic;
				DEVELOPMENT_ASSET_PATHS = "\"NotaIF2/Preview Content\"";
				DEVELOPMENT_TEAM = Y8XB2TQUP3;
				ENABLE_PREVIEWS = YES;
				INFOPLIST_FILE = NotaIF2/Info.plist;
				IPHONEOS_DEPLOYMENT_TARGET = 14.0;
				LD_RUNPATH_SEARCH_PATHS = (
					"$(inherited)",
					"@executable_path/Frameworks",
				);
				PRODUCT_BUNDLE_IDENTIFIER = PauloUchoa.NotaIF2;
				PRODUCT_NAME = "$(TARGET_NAME)";
				SWIFT_VERSION = 5.0;
				TARGETED_DEVICE_FAMILY = "1,2";
			};
			name = Debug;
		};
		A40FC1A325D1617800DF2267 /* Release */ = {
			isa = XCBuildConfiguration;
			buildSettings = {
				ASSETCATALOG_COMPILER_APPICON_NAME = AppIcon;
				ASSETCATALOG_COMPILER_GLOBAL_ACCENT_COLOR_NAME = AccentColor;
				CODE_SIGN_STYLE = Automatic;
				DEVELOPMENT_ASSET_PATHS = "\"NotaIF2/Preview Content\"";
				DEVELOPMENT_TEAM = Y8XB2TQUP3;
				ENABLE_PREVIEWS = YES;
				INFOPLIST_FILE = NotaIF2/Info.plist;
				IPHONEOS_DEPLOYMENT_TARGET = 14.0;
				LD_RUNPATH_SEARCH_PATHS = (
					"$(inherited)",
					"@executable_path/Frameworks",
				);
				PRODUCT_BUNDLE_IDENTIFIER = PauloUchoa.NotaIF2;
				PRODUCT_NAME = "$(TARGET_NAME)";
				SWIFT_VERSION = 5.0;
				TARGETED_DEVICE_FAMILY = "1,2";
			};
			name = Release;
		};
		A40FC1A525D1617800DF2267 /* Debug */ = {
			isa = XCBuildConfiguration;
			buildSettings = {
				ALWAYS_EMBED_SWIFT_STANDARD_LIBRARIES = YES;
				BUNDLE_LOADER = "$(TEST_HOST)";
				CODE_SIGN_STYLE = Automatic;
				DEVELOPMENT_TEAM = Y8XB2TQUP3;
				INFOPLIST_FILE = NotaIF2Tests/Info.plist;
				IPHONEOS_DEPLOYMENT_TARGET = 14.0;
				LD_RUNPATH_SEARCH_PATHS = (
					"$(inherited)",
					"@executable_path/Frameworks",
					"@loader_path/Frameworks",
				);
				PRODUCT_BUNDLE_IDENTIFIER = PauloUchoa.NotaIF2Tests;
				PRODUCT_NAME = "$(TARGET_NAME)";
				SWIFT_VERSION = 5.0;
				TARGETED_DEVICE_FAMILY = "1,2";
				TEST_HOST = "$(BUILT_PRODUCTS_DIR)/NotaIF2.app/NotaIF2";
			};
			name = Debug;
		};
		A40FC1A625D1617800DF2267 /* Release */ = {
			isa = XCBuildConfiguration;
			buildSettings = {
				ALWAYS_EMBED_SWIFT_STANDARD_LIBRARIES = YES;
				BUNDLE_LOADER = "$(TEST_HOST)";
				CODE_SIGN_STYLE = Automatic;
				DEVELOPMENT_TEAM = Y8XB2TQUP3;
				INFOPLIST_FILE = NotaIF2Tests/Info.plist;
				IPHONEOS_DEPLOYMENT_TARGET = 14.0;
				LD_RUNPATH_SEARCH_PATHS = (
					"$(inherited)",
					"@executable_path/Frameworks",
					"@loader_path/Frameworks",
				);
				PRODUCT_BUNDLE_IDENTIFIER = PauloUchoa.NotaIF2Tests;
				PRODUCT_NAME = "$(TARGET_NAME)";
				SWIFT_VERSION = 5.0;
				TARGETED_DEVICE_FAMILY = "1,2";
				TEST_HOST = "$(BUILT_PRODUCTS_DIR)/NotaIF2.app/NotaIF2";
			};
			name = Release;
		};
		A40FC1A825D1617800DF2267 /* Debug */ = {
			isa = XCBuildConfiguration;
			buildSettings = {
				ALWAYS_EMBED_SWIFT_STANDARD_LIBRARIES = YES;
				CODE_SIGN_STYLE = Automatic;
				DEVELOPMENT_TEAM = Y8XB2TQUP3;
				INFOPLIST_FILE = NotaIF2UITests/Info.plist;
				LD_RUNPATH_SEARCH_PATHS = (
					"$(inherited)",
					"@executable_path/Frameworks",
					"@loader_path/Frameworks",
				);
				PRODUCT_BUNDLE_IDENTIFIER = PauloUchoa.NotaIF2UITests;
				PRODUCT_NAME = "$(TARGET_NAME)";
				SWIFT_VERSION = 5.0;
				TARGETED_DEVICE_FAMILY = "1,2";
				TEST_TARGET_NAME = NotaIF2;
			};
			name = Debug;
		};
		A40FC1A925D1617800DF2267 /* Release */ = {
			isa = XCBuildConfiguration;
			buildSettings = {
				ALWAYS_EMBED_SWIFT_STANDARD_LIBRARIES = YES;
				CODE_SIGN_STYLE = Automatic;
				DEVELOPMENT_TEAM = Y8XB2TQUP3;
				INFOPLIST_FILE = NotaIF2UITests/Info.plist;
				LD_RUNPATH_SEARCH_PATHS = (
					"$(inherited)",
					"@executable_path/Frameworks",
					"@loader_path/Frameworks",
				);
				PRODUCT_BUNDLE_IDENTIFIER = PauloUchoa.NotaIF2UITests;
				PRODUCT_NAME = "$(TARGET_NAME)";
				SWIFT_VERSION = 5.0;
				TARGETED_DEVICE_FAMILY = "1,2";
				TEST_TARGET_NAME = NotaIF2;
			};
			name = Release;
		};
/* End XCBuildConfiguration section */

/* Begin XCConfigurationList section */
		A40FC17225D1617600DF2267 /* Build configuration list for PBXProject "NotaIF2" */ = {
			isa = XCConfigurationList;
			buildConfigurations = (
				A40FC19F25D1617800DF2267 /* Debug */,
				A40FC1A025D1617800DF2267 /* Release */,
			);
			defaultConfigurationIsVisible = 0;
			defaultConfigurationName = Release;
		};
		A40FC1A125D1617800DF2267 /* Build configuration list for PBXNativeTarget "NotaIF2" */ = {
			isa = XCConfigurationList;
			buildConfigurations = (
				A40FC1A225D1617800DF2267 /* Debug */,
				A40FC1A325D1617800DF2267 /* Release */,
			);
			defaultConfigurationIsVisible = 0;
			defaultConfigurationName = Release;
		};
		A40FC1A425D1617800DF2267 /* Build configuration list for PBXNativeTarget "NotaIF2Tests" */ = {
			isa = XCConfigurationList;
			buildConfigurations = (
				A40FC1A525D1617800DF2267 /* Debug */,
				A40FC1A625D1617800DF2267 /* Release */,
			);
			defaultConfigurationIsVisible = 0;
			defaultConfigurationName = Release;
		};
		A40FC1A725D1617800DF2267 /* Build configuration list for PBXNativeTarget "NotaIF2UITests" */ = {
			isa = XCConfigurationList;
			buildConfigurations = (
				A40FC1A825D1617800DF2267 /* Debug */,
				A40FC1A925D1617800DF2267 /* Release */,
			);
			defaultConfigurationIsVisible = 0;
			defaultConfigurationName = Release;
		};
/* End XCConfigurationList section */

/* Begin XCRemoteSwiftPackageReference section */
		A40FC20125D2B9F900DF2267 /* XCRemoteSwiftPackageReference "ToastUI" */ = {
			isa = XCRemoteSwiftPackageReference;
			repositoryURL = "https://github.com/quanshousio/ToastUI";
			requirement = {
				kind = upToNextMajorVersion;
				minimumVersion = 2.0.0;
			};
		};
/* End XCRemoteSwiftPackageReference section */

/* Begin XCSwiftPackageProductDependency section */
		A40FC20225D2B9F900DF2267 /* ToastUI */ = {
			isa = XCSwiftPackageProductDependency;
			package = A40FC20125D2B9F900DF2267 /* XCRemoteSwiftPackageReference "ToastUI" */;
			productName = ToastUI;
		};
/* End XCSwiftPackageProductDependency section */

/* Begin XCVersionGroup section */
		A40FC18525D1617800DF2267 /* NotaIF2.xcdatamodeld */ = {
			isa = XCVersionGroup;
			children = (
				A40FC18625D1617800DF2267 /* NotaIF2.xcdatamodel */,
			);
			currentVersion = A40FC18625D1617800DF2267 /* NotaIF2.xcdatamodel */;
			path = NotaIF2.xcdatamodeld;
			sourceTree = "<group>";
			versionGroupType = wrapper.xcdatamodel;
		};
/* End XCVersionGroup section */
	};
	rootObject = A40FC16F25D1617600DF2267 /* Project object */;
}
